
Microsoft Visual Studio Solution File, Format Version 12.00
# Visual Studio 15
VisualStudioVersion = 15.0.27428.2005
MinimumVisualStudioVersion = 10.0.40219.1
Project("{FAE04EC0-301F-11D3-BF4B-00C04F79EFBC}") = "TeklaAPIContourPlate", "TeklaAPIContourPlate\TeklaAPIContourPlate.csproj", "{A0756B1A-EDAB-4715-BB48-240B2F553FAB}"
EndProject
Global
	GlobalSection(SolutionConfigurationPlatforms) = preSolution
		Debug|Any CPU = Debug|Any CPU
		Release|Any CPU = Release|Any CPU
	EndGlobalSection
	GlobalSection(ProjectConfigurationPlatforms) = postSolution
		{A0756B1A-EDAB-4715-BB48-240B2F553FAB}.Debug|Any CPU.ActiveCfg = Debug|Any CPU
		{A0756B1A-EDAB-4715-BB48-240B2F553FAB}.Debug|Any CPU.Build.0 = Debug|Any CPU
		{A0756B1A-EDAB-4715-BB48-240B2F553FAB}.Release|Any CPU.ActiveCfg = Release|Any CPU
		{A0756B1A-EDAB-4715-BB48-240B2F553FAB}.Release|Any CPU.Build.0 = Release|Any CPU
	EndGlobalSection
	GlobalSection(SolutionProperties) = preSolution
		HideSolutionNode = FALSE
	EndGlobalSection
	GlobalSection(ExtensibilityGlobals) = postSolution
		SolutionGuid = {E12AD5C2-5132-40B3-BC98-3373C2ACFA7C}
	EndGlobalSection
EndGlobal
